
Microsoft Visual Studio Solution File, Format Version 12.00
# Visual Studio Version 17
VisualStudioVersion = 17.3.32804.467
MinimumVisualStudioVersion = 10.0.40219.1
Project("{FAE04EC0-301F-11D3-BF4B-00C04F79EFBC}") = "OzelDegiskenler", "OzelDegiskenler\OzelDegiskenler.csproj", "{42B29A02-3D29-42D1-BAF1-6298CF1C7619}"
EndProject
Global
	GlobalSection(SolutionConfigurationPlatforms) = preSolution
		Debug|Any CPU = Debug|Any CPU
		Release|Any CPU = Release|Any CPU
	EndGlobalSection
	GlobalSection(ProjectConfigurationPlatforms) = postSolution
		{42B29A02-3D29-42D1-BAF1-6298CF1C7619}.Debug|Any CPU.ActiveCfg = Debug|Any CPU
		{42B29A02-3D29-42D1-BAF1-6298CF1C7619}.Debug|Any CPU.Build.0 = Debug|Any CPU
		{42B29A02-3D29-42D1-BAF1-6298CF1C7619}.Release|Any CPU.ActiveCfg = Release|Any CPU
		{42B29A02-3D29-42D1-BAF1-6298CF1C7619}.Release|Any CPU.Build.0 = Release|Any CPU
	EndGlobalSection
	GlobalSection(SolutionProperties) = preSolution
		HideSolutionNode = FALSE
	EndGlobalSection
	GlobalSection(ExtensibilityGlobals) = postSolution
		SolutionGuid = {5E0A69B7-D004-4602-8D27-72EE34C4F6A6}
	EndGlobalSection
EndGlobal
